
Microsoft Visual Studio Solution File, Format Version 12.00
# Visual Studio Version 17
VisualStudioVersion = 17.3.32825.248
MinimumVisualStudioVersion = 10.0.40219.1
Project("{8BC9CEB8-8B4A-11D0-8D11-00A0C91BC942}") = "3", "3\3.vcxproj", "{64E57DE1-4D7B-4A21-BD46-F163E185BE75}"
EndProject
Global
	GlobalSection(SolutionConfigurationPlatforms) = preSolution
		Debug|x64 = Debug|x64
		Debug|x86 = Debug|x86
		Release|x64 = Release|x64
		Release|x86 = Release|x86
	EndGlobalSection
	GlobalSection(ProjectConfigurationPlatforms) = postSolution
		{64E57DE1-4D7B-4A21-BD46-F163E185BE75}.Debug|x64.ActiveCfg = Debug|x64
		{64E57DE1-4D7B-4A21-BD46-F163E185BE75}.Debug|x64.Build.0 = Debug|x64
		{64E57DE1-4D7B-4A21-BD46-F163E185BE75}.Debug|x86.ActiveCfg = Debug|Win32
		{64E57DE1-4D7B-4A21-BD46-F163E185BE75}.Debug|x86.Build.0 = Debug|Win32
		{64E57DE1-4D7B-4A21-BD46-F163E185BE75}.Release|x64.ActiveCfg = Release|x64
		{64E57DE1-4D7B-4A21-BD46-F163E185BE75}.Release|x64.Build.0 = Release|x64
		{64E57DE1-4D7B-4A21-BD46-F163E185BE75}.Release|x86.ActiveCfg = Release|Win32
		{64E57DE1-4D7B-4A21-BD46-F163E185BE75}.Release|x86.Build.0 = Release|Win32
	EndGlobalSection
	GlobalSection(SolutionProperties) = preSolution
		HideSolutionNode = FALSE
	EndGlobalSection
	GlobalSection(ExtensibilityGlobals) = postSolution
		SolutionGuid = {BB0C600D-203A-4925-96D6-F732BAFA0AAE}
	EndGlobalSection
EndGlobal
